{
  "name": "extrajs-dom",
  "version": "3.2.0",
  "lockfileVersion": 1,
  "requires": true,
  "dependencies": {
    "extrajs": {
      "version": "0.10.0",
      "resolved": "https://registry.npmjs.org/extrajs/-/extrajs-0.10.0.tgz",
      "integrity": "sha512-JQs6/G/n4j9AhvXGlRldO0F1GhXLjHyQEiJAbsi4p/7FNNysx0mQv3CfQXov5fJoPfDiHMNqks44tWB79q3HMA=="
    },
    "extrajs-view": {
      "version": "1.1.1",
      "resolved": "https://registry.npmjs.org/extrajs-view/-/extrajs-view-1.1.1.tgz",
      "integrity": "sha512-YZW9gNICXh0SvZjjwJLGe0KtcI+6Ya4V81geiSIPbKTeLn2hVI46z0CtozHFcdwMCS6SLLyIc4n/6uYBRMWZaQ=="
    }
  }
}
