{
  "name": "extrajs-element",
  "version": "1.0.0",
  "lockfileVersion": 1,
  "requires": true,
  "dependencies": {
    "extrajs": {
      "version": "0.7.1",
      "resolved": "https://registry.npmjs.org/extrajs/-/extrajs-0.7.1.tgz",
      "integrity": "sha512-Nf6NgJ0zMWQrpm+2KIPDNpUdvArAKpdFjotsxX2bLNCdBzGczZsgMAl05ckF0e57Twvnheu5y2RT6yoIKea77A=="
    }
  }
}
