{
  "name": "extrajs-dom",
  "version": "4.0.0-alpha.1",
  "lockfileVersion": 1,
  "requires": true,
  "dependencies": {
    "extrajs": {
      "version": "0.11.0-beta",
      "resolved": "https://registry.npmjs.org/extrajs/-/extrajs-0.11.0-beta.tgz",
      "integrity": "sha512-0zHpo1YBbFa9px232j3HwsL/vASJGeY7ohyTQXcJg2yD7agtD8ongOaotX5SjnZ9xXTSp3OI0NDItGo0+NJa/g=="
    },
    "extrajs-view": {
      "version": "1.1.2",
      "resolved": "https://registry.npmjs.org/extrajs-view/-/extrajs-view-1.1.2.tgz",
      "integrity": "sha512-ed6QW/VFOcsHy2aXI8gJo7764DIdSYVyVj+VEK3ZpVl40/sGtr9kail7PZ7elbUJ4LRzuBTQu0usV7j9sv1JFA=="
    }
  }
}
